{
  "name": "aoc-18-2021",
  "version": "1.0.0",
  "lockfileVersion": 1,
  "requires": true,
  "dependencies": {
    "vanilla-vectors-3d": {
      "version": "1.0.1",
      "resolved": "https://registry.npmjs.org/vanilla-vectors-3d/-/vanilla-vectors-3d-1.0.1.tgz",
      "integrity": "sha512-lPmtRPuFgf9EkahJa/KHfxiO2g8CT6zKTlW/nT++kbGs+zdHg4KSPqNNvwbesMrEiufSXmdu9PlRVFnvdkLpqA=="
    }
  }
}
